
Microsoft Visual Studio Solution File, Format Version 12.00
# Visual Studio 15
VisualStudioVersion = 15.0.27924.0
MinimumVisualStudioVersion = 10.0.40219.1
Project("{FAE04EC0-301F-11D3-BF4B-00C04F79EFBC}") = "Apache.Log", "src\Apache.Log\Apache.Log.csproj", "{2E8E0236-CE57-4390-8241-B2DD48ABCEF7}"
EndProject
Project("{FAE04EC0-301F-11D3-BF4B-00C04F79EFBC}") = "Apache.Log.Test", "test\Apache.Log.Test\Apache.Log.Test.csproj", "{02883C77-D261-4F5C-A31A-F31CAB41A252}"
EndProject
Global
	GlobalSection(SolutionConfigurationPlatforms) = preSolution
		Debug|Any CPU = Debug|Any CPU
		Release|Any CPU = Release|Any CPU
	EndGlobalSection
	GlobalSection(ProjectConfigurationPlatforms) = postSolution
		{2E8E0236-CE57-4390-8241-B2DD48ABCEF7}.Debug|Any CPU.ActiveCfg = Debug|Any CPU
		{2E8E0236-CE57-4390-8241-B2DD48ABCEF7}.Debug|Any CPU.Build.0 = Debug|Any CPU
		{2E8E0236-CE57-4390-8241-B2DD48ABCEF7}.Release|Any CPU.ActiveCfg = Release|Any CPU
		{2E8E0236-CE57-4390-8241-B2DD48ABCEF7}.Release|Any CPU.Build.0 = Release|Any CPU
		{02883C77-D261-4F5C-A31A-F31CAB41A252}.Debug|Any CPU.ActiveCfg = Debug|Any CPU
		{02883C77-D261-4F5C-A31A-F31CAB41A252}.Debug|Any CPU.Build.0 = Debug|Any CPU
		{02883C77-D261-4F5C-A31A-F31CAB41A252}.Release|Any CPU.ActiveCfg = Release|Any CPU
		{02883C77-D261-4F5C-A31A-F31CAB41A252}.Release|Any CPU.Build.0 = Release|Any CPU
	EndGlobalSection
	GlobalSection(SolutionProperties) = preSolution
		HideSolutionNode = FALSE
	EndGlobalSection
	GlobalSection(ExtensibilityGlobals) = postSolution
		SolutionGuid = {A7186887-5C18-4049-8811-C713528991C6}
	EndGlobalSection
EndGlobal
