
Microsoft Visual Studio Solution File, Format Version 12.00
# Visual Studio 15
VisualStudioVersion = 15.0.27924.0
MinimumVisualStudioVersion = 10.0.40219.1
Project("{9A19103F-16F7-4668-BE54-9A1E7A4F7556}") = "Apache.Log", "src\Apache.Log\Apache.Log.csproj", "{2E8E0236-CE57-4390-8241-B2DD48ABCEF7}"
EndProject
Project("{9A19103F-16F7-4668-BE54-9A1E7A4F7556}") = "Apache.Log.Test", "test\Apache.Log.Test\Apache.Log.Test.csproj", "{02883C77-D261-4F5C-A31A-F31CAB41A252}"
EndProject
Project("{2150E333-8FDC-42A3-9474-1A3956D46DE8}") = "Solution Items", "Solution Items", "{72EDD7A4-FE7B-4BEF-A796-37C8FED0B710}"
	ProjectSection(SolutionItems) = preProject
		.editorconfig = .editorconfig
	EndProjectSection
EndProject
Project("{9A19103F-16F7-4668-BE54-9A1E7A4F7556}") = "Apache.Log.API", "src\Apache.Log.API\Apache.Log.API.csproj", "{A181D233-B3CF-4CB3-9539-194E7687933A}"
EndProject
Project("{9A19103F-16F7-4668-BE54-9A1E7A4F7556}") = "Apache.Log.Data", "src\Apache.Log.Data\Apache.Log.Data.csproj", "{86080CA3-A142-43E9-8009-042CAF57B7A5}"
EndProject
Project("{FAE04EC0-301F-11D3-BF4B-00C04F79EFBC}") = "Core.Repository", "src\Core.Repository\Core.Repository.csproj", "{120F9DE5-0BDD-4D3F-A20E-BEA7F30E46F5}"
EndProject
Project("{FAE04EC0-301F-11D3-BF4B-00C04F79EFBC}") = "Apache.Log.Repository", "src\Apache.Log.Repository\Apache.Log.Repository.csproj", "{FE194E84-7671-42FA-80EA-CEED72D338AC}"
EndProject
Project("{2150E333-8FDC-42A3-9474-1A3956D46DE8}") = "Test", "Test", "{009E2DBD-9007-45FE-AD49-0AE17F11BB64}"
EndProject
Project("{2150E333-8FDC-42A3-9474-1A3956D46DE8}") = "Src", "Src", "{01A4DF18-5824-4759-A509-E86B46804D6C}"
EndProject
Global
	GlobalSection(SolutionConfigurationPlatforms) = preSolution
		Debug|Any CPU = Debug|Any CPU
		Release|Any CPU = Release|Any CPU
	EndGlobalSection
	GlobalSection(ProjectConfigurationPlatforms) = postSolution
		{2E8E0236-CE57-4390-8241-B2DD48ABCEF7}.Debug|Any CPU.ActiveCfg = Debug|Any CPU
		{2E8E0236-CE57-4390-8241-B2DD48ABCEF7}.Debug|Any CPU.Build.0 = Debug|Any CPU
		{2E8E0236-CE57-4390-8241-B2DD48ABCEF7}.Release|Any CPU.ActiveCfg = Release|Any CPU
		{2E8E0236-CE57-4390-8241-B2DD48ABCEF7}.Release|Any CPU.Build.0 = Release|Any CPU
		{02883C77-D261-4F5C-A31A-F31CAB41A252}.Debug|Any CPU.ActiveCfg = Debug|Any CPU
		{02883C77-D261-4F5C-A31A-F31CAB41A252}.Debug|Any CPU.Build.0 = Debug|Any CPU
		{02883C77-D261-4F5C-A31A-F31CAB41A252}.Release|Any CPU.ActiveCfg = Release|Any CPU
		{02883C77-D261-4F5C-A31A-F31CAB41A252}.Release|Any CPU.Build.0 = Release|Any CPU
		{A181D233-B3CF-4CB3-9539-194E7687933A}.Debug|Any CPU.ActiveCfg = Debug|Any CPU
		{A181D233-B3CF-4CB3-9539-194E7687933A}.Debug|Any CPU.Build.0 = Debug|Any CPU
		{A181D233-B3CF-4CB3-9539-194E7687933A}.Release|Any CPU.ActiveCfg = Release|Any CPU
		{A181D233-B3CF-4CB3-9539-194E7687933A}.Release|Any CPU.Build.0 = Release|Any CPU
		{86080CA3-A142-43E9-8009-042CAF57B7A5}.Debug|Any CPU.ActiveCfg = Debug|Any CPU
		{86080CA3-A142-43E9-8009-042CAF57B7A5}.Debug|Any CPU.Build.0 = Debug|Any CPU
		{86080CA3-A142-43E9-8009-042CAF57B7A5}.Release|Any CPU.ActiveCfg = Release|Any CPU
		{86080CA3-A142-43E9-8009-042CAF57B7A5}.Release|Any CPU.Build.0 = Release|Any CPU
		{120F9DE5-0BDD-4D3F-A20E-BEA7F30E46F5}.Debug|Any CPU.ActiveCfg = Debug|Any CPU
		{120F9DE5-0BDD-4D3F-A20E-BEA7F30E46F5}.Debug|Any CPU.Build.0 = Debug|Any CPU
		{120F9DE5-0BDD-4D3F-A20E-BEA7F30E46F5}.Release|Any CPU.ActiveCfg = Release|Any CPU
		{120F9DE5-0BDD-4D3F-A20E-BEA7F30E46F5}.Release|Any CPU.Build.0 = Release|Any CPU
		{FE194E84-7671-42FA-80EA-CEED72D338AC}.Debug|Any CPU.ActiveCfg = Debug|Any CPU
		{FE194E84-7671-42FA-80EA-CEED72D338AC}.Debug|Any CPU.Build.0 = Debug|Any CPU
		{FE194E84-7671-42FA-80EA-CEED72D338AC}.Release|Any CPU.ActiveCfg = Release|Any CPU
		{FE194E84-7671-42FA-80EA-CEED72D338AC}.Release|Any CPU.Build.0 = Release|Any CPU
	EndGlobalSection
	GlobalSection(SolutionProperties) = preSolution
		HideSolutionNode = FALSE
	EndGlobalSection
	GlobalSection(NestedProjects) = preSolution
		{2E8E0236-CE57-4390-8241-B2DD48ABCEF7} = {01A4DF18-5824-4759-A509-E86B46804D6C}
		{02883C77-D261-4F5C-A31A-F31CAB41A252} = {009E2DBD-9007-45FE-AD49-0AE17F11BB64}
		{A181D233-B3CF-4CB3-9539-194E7687933A} = {01A4DF18-5824-4759-A509-E86B46804D6C}
		{86080CA3-A142-43E9-8009-042CAF57B7A5} = {01A4DF18-5824-4759-A509-E86B46804D6C}
		{120F9DE5-0BDD-4D3F-A20E-BEA7F30E46F5} = {01A4DF18-5824-4759-A509-E86B46804D6C}
		{FE194E84-7671-42FA-80EA-CEED72D338AC} = {01A4DF18-5824-4759-A509-E86B46804D6C}
	EndGlobalSection
	GlobalSection(ExtensibilityGlobals) = postSolution
		SolutionGuid = {A7186887-5C18-4049-8811-C713528991C6}
	EndGlobalSection
EndGlobal
